
Microsoft Visual Studio Solution File, Format Version 12.00
# Visual Studio 15
VisualStudioVersion = 15.0.27428.2002
MinimumVisualStudioVersion = 10.0.40219.1
Project("{FAE04EC0-301F-11D3-BF4B-00C04F79EFBC}") = "Geonorge.MinSide.Web", "Geonorge.MinSide.Web\Geonorge.MinSide.Web.csproj", "{2C396463-50AC-4A9F-AF9F-82831D8A4E9A}"
EndProject
Global
	GlobalSection(SolutionConfigurationPlatforms) = preSolution
		Debug|Any CPU = Debug|Any CPU
		Release|Any CPU = Release|Any CPU
	EndGlobalSection
	GlobalSection(ProjectConfigurationPlatforms) = postSolution
		{2C396463-50AC-4A9F-AF9F-82831D8A4E9A}.Debug|Any CPU.ActiveCfg = Debug|Any CPU
		{2C396463-50AC-4A9F-AF9F-82831D8A4E9A}.Debug|Any CPU.Build.0 = Debug|Any CPU
		{2C396463-50AC-4A9F-AF9F-82831D8A4E9A}.Release|Any CPU.ActiveCfg = Release|Any CPU
		{2C396463-50AC-4A9F-AF9F-82831D8A4E9A}.Release|Any CPU.Build.0 = Release|Any CPU
	EndGlobalSection
	GlobalSection(SolutionProperties) = preSolution
		HideSolutionNode = FALSE
	EndGlobalSection
	GlobalSection(ExtensibilityGlobals) = postSolution
		SolutionGuid = {A00C237F-A30F-42BC-A8DF-9C2F3357BE6A}
	EndGlobalSection
EndGlobal
